
Microsoft Visual Studio Solution File, Format Version 12.00
# Visual Studio Version 16
VisualStudioVersion = 16.0.31702.278
MinimumVisualStudioVersion = 10.0.40219.1
Project("{F184B08F-C81C-45F6-A57F-5ABD9991F28F}") = "SysTools_WPF_New", "SysTools_WPF_New\SysTools_WPF_New.vbproj", "{A9D748A7-7B56-4299-B3F1-4FED5F23AB56}"
EndProject
Global
	GlobalSection(SolutionConfigurationPlatforms) = preSolution
		Debug|Any CPU = Debug|Any CPU
		Release|Any CPU = Release|Any CPU
	EndGlobalSection
	GlobalSection(ProjectConfigurationPlatforms) = postSolution
		{A9D748A7-7B56-4299-B3F1-4FED5F23AB56}.Debug|Any CPU.ActiveCfg = Debug|Any CPU
		{A9D748A7-7B56-4299-B3F1-4FED5F23AB56}.Debug|Any CPU.Build.0 = Debug|Any CPU
		{A9D748A7-7B56-4299-B3F1-4FED5F23AB56}.Release|Any CPU.ActiveCfg = Release|Any CPU
		{A9D748A7-7B56-4299-B3F1-4FED5F23AB56}.Release|Any CPU.Build.0 = Release|Any CPU
	EndGlobalSection
	GlobalSection(SolutionProperties) = preSolution
		HideSolutionNode = FALSE
	EndGlobalSection
	GlobalSection(ExtensibilityGlobals) = postSolution
		SolutionGuid = {CF3EB993-B3FC-4CE3-B426-F25A8471E82D}
	EndGlobalSection
EndGlobal
